
Microsoft Visual Studio Solution File, Format Version 12.00
# Visual Studio 2013
VisualStudioVersion = 12.0.40629.0
MinimumVisualStudioVersion = 10.0.40219.1
Project("{FAE04EC0-301F-11D3-BF4B-00C04F79EFBC}") = "WebModules.Main", "WebModules.Main\WebModules.Main.csproj", "{090BF9B5-67FF-43CA-80E5-0122D045A4BB}"
EndProject
Project("{FAE04EC0-301F-11D3-BF4B-00C04F79EFBC}") = "WebModules.Blogs", "WebModules.Main\Modules\WebModules.Blogs\WebModules.Blogs.csproj", "{0CC3993B-7219-45B3-AB36-56E4C9C1C2C0}"
EndProject
Project("{FAE04EC0-301F-11D3-BF4B-00C04F79EFBC}") = "WebModules.Core", "WebModules.Core\WebModules.Core.csproj", "{3CE115BE-4C72-4350-B5EA-4A9EE3D85967}"
EndProject
Project("{2150E333-8FDC-42A3-9474-1A3956D46DE8}") = "Modules", "Modules", "{8C403548-5E10-4D9D-B50F-0FB462849A10}"
EndProject
Project("{2150E333-8FDC-42A3-9474-1A3956D46DE8}") = "Readme", "Readme", "{4747654A-33DF-46FE-8C4D-27412BF9ACF1}"
EndProject
Project("{2150E333-8FDC-42A3-9474-1A3956D46DE8}") = "Solution Items", "Solution Items", "{12124205-A3BF-45D5-B4CF-D95AB434A284}"
	ProjectSection(SolutionItems) = preProject
		Readme.MD = Readme.MD
	EndProjectSection
EndProject
Global
	GlobalSection(SolutionConfigurationPlatforms) = preSolution
		Debug|Any CPU = Debug|Any CPU
		Release|Any CPU = Release|Any CPU
	EndGlobalSection
	GlobalSection(ProjectConfigurationPlatforms) = postSolution
		{090BF9B5-67FF-43CA-80E5-0122D045A4BB}.Debug|Any CPU.ActiveCfg = Debug|Any CPU
		{090BF9B5-67FF-43CA-80E5-0122D045A4BB}.Debug|Any CPU.Build.0 = Debug|Any CPU
		{090BF9B5-67FF-43CA-80E5-0122D045A4BB}.Release|Any CPU.ActiveCfg = Release|Any CPU
		{090BF9B5-67FF-43CA-80E5-0122D045A4BB}.Release|Any CPU.Build.0 = Release|Any CPU
		{0CC3993B-7219-45B3-AB36-56E4C9C1C2C0}.Debug|Any CPU.ActiveCfg = Debug|Any CPU
		{0CC3993B-7219-45B3-AB36-56E4C9C1C2C0}.Debug|Any CPU.Build.0 = Debug|Any CPU
		{0CC3993B-7219-45B3-AB36-56E4C9C1C2C0}.Release|Any CPU.ActiveCfg = Release|Any CPU
		{0CC3993B-7219-45B3-AB36-56E4C9C1C2C0}.Release|Any CPU.Build.0 = Release|Any CPU
		{3CE115BE-4C72-4350-B5EA-4A9EE3D85967}.Debug|Any CPU.ActiveCfg = Debug|Any CPU
		{3CE115BE-4C72-4350-B5EA-4A9EE3D85967}.Debug|Any CPU.Build.0 = Debug|Any CPU
		{3CE115BE-4C72-4350-B5EA-4A9EE3D85967}.Release|Any CPU.ActiveCfg = Release|Any CPU
		{3CE115BE-4C72-4350-B5EA-4A9EE3D85967}.Release|Any CPU.Build.0 = Release|Any CPU
	EndGlobalSection
	GlobalSection(SolutionProperties) = preSolution
		HideSolutionNode = FALSE
	EndGlobalSection
	GlobalSection(NestedProjects) = preSolution
		{0CC3993B-7219-45B3-AB36-56E4C9C1C2C0} = {8C403548-5E10-4D9D-B50F-0FB462849A10}
	EndGlobalSection
EndGlobal
